# This file is autogenerated, do not edit; changes may be undone by the next 'dep ensure'.


[[projects]]
  digest = "1:3ea20e6792814facc25e4741a46987db47ac54f9520a677fbc1f06ee77987971"
  name = "github.com/containerd/containerd"
  packages = ["errdefs"]
  pruneopts = "UT"
  revision = "7c1e88399ec0b0b077121d9d5ad97e647b11c870"

[[projects]]
  digest = "1:2a7e553396721a7dee398f65d74d9621fd470df277ca58944b71110af2b0d68a"
  name = "github.com/docker/cli"
  packages = ["opts"]
  pruneopts = "UT"
  revision = "8aebc318062963ba861b65cc2a43425dfdd80fe7"
  version = "v19.03.0-beta4"

[[projects]]
  digest = "1:de4a141036d93a75ae89ed0868ab7759c1f1b74131cd3a6a7ce4071bce006fd6"
  name = "github.com/docker/distribution"
  packages = ["registry/api/errcode"]
  pruneopts = "UT"
  revision = "0d3efadf0154c2b8a4e7b6621fff9809655cc580"

[[projects]]
  digest = "1:4d47198269c85f659614ba8a5583c1c596bc7e4c58698e32447a5ea50d0c1855"
  name = "github.com/docker/docker"
  packages = [
    "api/types",
    "api/types/blkiodev",
    "api/types/container",
    "api/types/filters",
    "api/types/mount",
    "api/types/network",
    "api/types/registry",
    "api/types/strslice",
    "api/types/swarm",
    "api/types/swarm/runtime",
    "api/types/versions",
    "errdefs",
  ]
  pruneopts = "UT"
  revision = "a09e6e323e55e1a9b21df9c2c555f5668df3ac9b"

[[projects]]
  digest = "1:ade935c55cd6d0367c843b109b09c9d748b1982952031414740750fdf94747eb"
  name = "github.com/docker/go-connections"
  packages = ["nat"]
  pruneopts = "UT"
  revision = "7395e3f8aa162843a74ed6d48e79627d9792ac55"
  version = "v0.4.0"

[[projects]]
  digest = "1:e95ef557dc3120984bb66b385ae01b4bb8ff56bcde28e7b0d1beed0cccc4d69f"
  name = "github.com/docker/go-units"
  packages = ["."]
  pruneopts = "UT"
  revision = "519db1ee28dcc9fd2474ae59fca29a810482bfb1"
  version = "v0.4.0"

[[projects]]
  digest = "1:48092bf6632f55839850666c33469f546f6d45fdbd59a66759ec12e84d853dc2"
  name = "github.com/gogo/protobuf"
  packages = ["proto"]
  pruneopts = "UT"
  revision = "ba06b47c162d49f2af050fb4c75bcbc86a159d5c"
  version = "v1.2.1"

[[projects]]
  digest = "1:4c0989ca0bcd10799064318923b9bc2db6b4d6338dd75f3f2d86c3511aaaf5cf"
  name = "github.com/golang/protobuf"
  packages = [
    "proto",
    "ptypes",
    "ptypes/any",
    "ptypes/duration",
    "ptypes/timestamp",
  ]
  pruneopts = "UT"
  revision = "aa810b61a9c79d51363740d207bb46cf8e620ed5"
  version = "v1.2.0"

[[projects]]
  digest = "1:d2754cafcab0d22c13541618a8029a70a8959eb3525ff201fe971637e2274cd0"
  name = "github.com/google/go-cmp"
  packages = [
    "cmp",
    "cmp/cmpopts",
    "cmp/internal/diff",
    "cmp/internal/function",
    "cmp/internal/value",
  ]
  pruneopts = "UT"
  revision = "3af367b6b30c263d47e8895973edcca9a49cf029"
  version = "v0.2.0"

[[projects]]
  digest = "1:a0cefd27d12712af4b5018dc7046f245e1e3b5760e2e848c30b171b570708f9b"
  name = "github.com/imdario/mergo"
  packages = ["."]
  pruneopts = "UT"
  revision = "7c29201646fa3de8506f701213473dd407f19646"
  version = "v0.3.7"

[[projects]]
  digest = "1:31e761d97c76151dde79e9d28964a812c46efc5baee4085b86f68f0c654450de"
  name = "github.com/konsorten/go-windows-terminal-sequences"
  packages = ["."]
  pruneopts = "UT"
  revision = "f55edac94c9bbba5d6182a4be46d86a2c9b5b50e"
  version = "v1.0.2"

[[projects]]
  digest = "1:b90909aa4b7f812a3edd47632c78dbd4d151df1ab82374a7e0a955c00504f40a"
  name = "github.com/mattn/go-shellwords"
  packages = ["."]
  pruneopts = "UT"
  revision = "36a9b3c57cb5caa559ff63fb7e9b585f1c00df75"
  version = "v1.0.6"

[[projects]]
  digest = "1:5ab79470a1d0fb19b041a624415612f8236b3c06070161a910562f2b2d064355"
  name = "github.com/mitchellh/mapstructure"
  packages = ["."]
  pruneopts = "UT"
  revision = "f15292f7a699fcc1a38a80977f80a046874ba8ac"

[[projects]]
  digest = "1:ee4d4af67d93cc7644157882329023ce9a7bcfce956a079069a9405521c7cc8d"
  name = "github.com/opencontainers/go-digest"
  packages = ["."]
  pruneopts = "UT"
  revision = "279bed98673dd5bef374d3b6e4b09e2af76183bf"
  version = "v1.0.0-rc1"

[[projects]]
  digest = "1:11db38d694c130c800d0aefb502fb02519e514dc53d9804ce51d1ad25ec27db6"
  name = "github.com/opencontainers/image-spec"
  packages = [
    "specs-go",
    "specs-go/v1",
  ]
  pruneopts = "UT"
  revision = "d60099175f88c47cd379c4738d158884749ed235"
  version = "v1.0.1"

[[projects]]
  digest = "1:cf31692c14422fa27c83a05292eb5cbe0fb2775972e8f1f8446a71549bd8980b"
  name = "github.com/pkg/errors"
  packages = ["."]
  pruneopts = "UT"
  revision = "ba968bfe8b2f7e042a574c888954fccecfa385b4"
  version = "v0.8.1"

[[projects]]
  digest = "1:04457f9f6f3ffc5fea48e71d62f2ca256637dee0a04d710288e27e05c8b41976"
  name = "github.com/sirupsen/logrus"
  packages = ["."]
  pruneopts = "UT"
  revision = "839c75faf7f98a33d445d181f3018b5c3409a45e"
  version = "v1.4.2"

[[projects]]
  branch = "master"
  digest = "1:87fe9bca786484cef53d52adeec7d1c52bc2bfbee75734eddeb75fc5c7023871"
  name = "github.com/xeipuuv/gojsonpointer"
  packages = ["."]
  pruneopts = "UT"
  revision = "02993c407bfbf5f6dae44c4f4b1cf6a39b5fc5bb"

[[projects]]
  branch = "master"
  digest = "1:dc6a6c28ca45d38cfce9f7cb61681ee38c5b99ec1425339bfc1e1a7ba769c807"
  name = "github.com/xeipuuv/gojsonreference"
  packages = ["."]
  pruneopts = "UT"
  revision = "bd5ef7bd5415a7ac448318e64f11a24cd21e594b"

[[projects]]
  digest = "1:1c898ea6c30c16e8d55fdb6fe44c4bee5f9b7d68aa260cfdfc3024491dcc7bea"
  name = "github.com/xeipuuv/gojsonschema"
  packages = ["."]
  pruneopts = "UT"
  revision = "f971f3cd73b2899de6923801c147f075263e0c50"
  version = "v1.1.0"

[[projects]]
  digest = "1:8d30f87f59931cdd4d45e450185216a34eba66c1f1f68a314ac0fa49d19f9826"
  name = "golang.org/x/sys"
  packages = ["unix"]
  pruneopts = "UT"
  revision = "9eafafc0a87e0fd0aeeba439a4573537970c44c7"

[[projects]]
  digest = "1:601e63e7d4577f907118bec825902505291918859d223bce015539e79f1160e3"
  name = "google.golang.org/genproto"
  packages = ["googleapis/rpc/status"]
  pruneopts = "UT"
  revision = "02b4e95473316948020af0b7a4f0f22c73929b0e"

[[projects]]
  digest = "1:dd9e017df31acd9cf78ad0df2c8a1132fb3f724ec9287240ee7306364130bafc"
  name = "google.golang.org/grpc"
  packages = [
    "codes",
    "connectivity",
    "grpclog",
    "internal",
    "status",
  ]
  pruneopts = "UT"
  revision = "6eaf6f47437a6b4e2153a190160ef39a92c7eceb"
  version = "v1.23.0"

[[projects]]
  digest = "1:1033856ca84153217fda9f527e1c02e11b636e28ad2ab19f2ea4a06e4abbe8e1"
  name = "gopkg.in/yaml.v2"
  packages = ["."]
  pruneopts = "UT"
  revision = "bb4e33bf68bf89cad44d386192cbed201f35b241"
  version = "v2.2.3"

[[projects]]
  digest = "1:5d1a32b3df1f0adc4510b2b83594e0d4bbc60578730af9a81857457d66005313"
  name = "gotest.tools"
  packages = [
    "assert",
    "assert/cmp",
    "env",
    "internal/difflib",
    "internal/format",
    "internal/source",
    "x/subtest",
  ]
  pruneopts = "UT"
  revision = "1083505acf35a0bd8a696b26837e1fb3187a7a83"
  version = "v2.3.0"

[solve-meta]
  analyzer-name = "dep"
  analyzer-version = 1
  input-imports = [
    "github.com/docker/cli/opts",
    "github.com/docker/docker/api/types/mount",
    "github.com/docker/docker/api/types/versions",
    "github.com/docker/go-connections/nat",
    "github.com/docker/go-units",
    "github.com/google/go-cmp/cmp/cmpopts",
    "github.com/imdario/mergo",
    "github.com/mattn/go-shellwords",
    "github.com/mitchellh/mapstructure",
    "github.com/pkg/errors",
    "github.com/sirupsen/logrus",
    "github.com/xeipuuv/gojsonschema",
    "gopkg.in/yaml.v2",
    "gotest.tools/assert",
    "gotest.tools/assert/cmp",
    "gotest.tools/env",
  ]
  solver-name = "gps-cdcl"
  solver-version = 1
